
Microsoft Visual Studio Solution File, Format Version 12.00
# Visual Studio Version 17
VisualStudioVersion = 17.10.34707.107
MinimumVisualStudioVersion = 10.0.40219.1
Project("{FAE04EC0-301F-11D3-BF4B-00C04F79EFBC}") = "ShellTemplate", "ShellTemplate\ShellTemplate.csproj", "{6783EF9C-DE97-410E-9E93-3B4868F0FB3E}"
EndProject
Global
	GlobalSection(SolutionConfigurationPlatforms) = preSolution
		Debug|Any CPU = Debug|Any CPU
		Release|Any CPU = Release|Any CPU
	EndGlobalSection
	GlobalSection(ProjectConfigurationPlatforms) = postSolution
		{6783EF9C-DE97-410E-9E93-3B4868F0FB3E}.Debug|Any CPU.ActiveCfg = Debug|Any CPU
		{6783EF9C-DE97-410E-9E93-3B4868F0FB3E}.Debug|Any CPU.Build.0 = Debug|Any CPU
		{6783EF9C-DE97-410E-9E93-3B4868F0FB3E}.Debug|Any CPU.Deploy.0 = Debug|Any CPU
		{6783EF9C-DE97-410E-9E93-3B4868F0FB3E}.Release|Any CPU.ActiveCfg = Release|Any CPU
		{6783EF9C-DE97-410E-9E93-3B4868F0FB3E}.Release|Any CPU.Build.0 = Release|Any CPU
		{6783EF9C-DE97-410E-9E93-3B4868F0FB3E}.Release|Any CPU.Deploy.0 = Release|Any CPU
	EndGlobalSection
	GlobalSection(SolutionProperties) = preSolution
		HideSolutionNode = FALSE
	EndGlobalSection
	GlobalSection(ExtensibilityGlobals) = postSolution
		SolutionGuid = {0134AB2E-FECF-4012-B291-6CE8344AC3DB}
	EndGlobalSection
EndGlobal
